
Microsoft Visual Studio Solution File, Format Version 12.00
# Visual Studio Version 17
VisualStudioVersion = 17.5.33502.453
MinimumVisualStudioVersion = 10.0.40219.1
Project("{FAE04EC0-301F-11D3-BF4B-00C04F79EFBC}") = "TextAnalysisService", "TextAnalysisService\TextAnalysisService.csproj", "{45CC7378-DA3A-4ED2-AB19-4F1BCFC55575}"
EndProject
Global
	GlobalSection(SolutionConfigurationPlatforms) = preSolution
		Debug|Any CPU = Debug|Any CPU
		Release|Any CPU = Release|Any CPU
	EndGlobalSection
	GlobalSection(ProjectConfigurationPlatforms) = postSolution
		{45CC7378-DA3A-4ED2-AB19-4F1BCFC55575}.Debug|Any CPU.ActiveCfg = Debug|Any CPU
		{45CC7378-DA3A-4ED2-AB19-4F1BCFC55575}.Debug|Any CPU.Build.0 = Debug|Any CPU
		{45CC7378-DA3A-4ED2-AB19-4F1BCFC55575}.Release|Any CPU.ActiveCfg = Release|Any CPU
		{45CC7378-DA3A-4ED2-AB19-4F1BCFC55575}.Release|Any CPU.Build.0 = Release|Any CPU
	EndGlobalSection
	GlobalSection(SolutionProperties) = preSolution
		HideSolutionNode = FALSE
	EndGlobalSection
	GlobalSection(ExtensibilityGlobals) = postSolution
		SolutionGuid = {2356798E-4A02-48E2-8218-EB6A2CF9759E}
	EndGlobalSection
EndGlobal
